
Microsoft Visual Studio Solution File, Format Version 12.00
# Visual Studio Version 17
VisualStudioVersion = 17.11.35327.3
MinimumVisualStudioVersion = 10.0.40219.1
Project("{8BC9CEB8-8B4A-11D0-8D11-00A0C91BC942}") = "Executor", "Executor\Executor.vcxproj", "{1F017B32-416B-4140-940A-A3A235894E62}"
EndProject
Project("{8BC9CEB8-8B4A-11D0-8D11-00A0C91BC942}") = "Sample-Test1", "Sample-Test1\Sample-Test1.vcxproj", "{00F1EB97-4D05-45BF-858E-B861447A8B61}"
EndProject
Global
	GlobalSection(SolutionConfigurationPlatforms) = preSolution
		Debug|x64 = Debug|x64
		Debug|x86 = Debug|x86
		Release|x64 = Release|x64
		Release|x86 = Release|x86
	EndGlobalSection
	GlobalSection(ProjectConfigurationPlatforms) = postSolution
		{1F017B32-416B-4140-940A-A3A235894E62}.Debug|x64.ActiveCfg = Debug|x64
		{1F017B32-416B-4140-940A-A3A235894E62}.Debug|x64.Build.0 = Debug|x64
		{1F017B32-416B-4140-940A-A3A235894E62}.Debug|x86.ActiveCfg = Debug|Win32
		{1F017B32-416B-4140-940A-A3A235894E62}.Debug|x86.Build.0 = Debug|Win32
		{1F017B32-416B-4140-940A-A3A235894E62}.Release|x64.ActiveCfg = Release|x64
		{1F017B32-416B-4140-940A-A3A235894E62}.Release|x64.Build.0 = Release|x64
		{1F017B32-416B-4140-940A-A3A235894E62}.Release|x86.ActiveCfg = Release|Win32
		{1F017B32-416B-4140-940A-A3A235894E62}.Release|x86.Build.0 = Release|Win32
		{00F1EB97-4D05-45BF-858E-B861447A8B61}.Debug|x64.ActiveCfg = Debug|x64
		{00F1EB97-4D05-45BF-858E-B861447A8B61}.Debug|x64.Build.0 = Debug|x64
		{00F1EB97-4D05-45BF-858E-B861447A8B61}.Debug|x86.ActiveCfg = Debug|Win32
		{00F1EB97-4D05-45BF-858E-B861447A8B61}.Debug|x86.Build.0 = Debug|Win32
		{00F1EB97-4D05-45BF-858E-B861447A8B61}.Release|x64.ActiveCfg = Release|x64
		{00F1EB97-4D05-45BF-858E-B861447A8B61}.Release|x64.Build.0 = Release|x64
		{00F1EB97-4D05-45BF-858E-B861447A8B61}.Release|x86.ActiveCfg = Release|Win32
		{00F1EB97-4D05-45BF-858E-B861447A8B61}.Release|x86.Build.0 = Release|Win32
	EndGlobalSection
	GlobalSection(SolutionProperties) = preSolution
		HideSolutionNode = FALSE
	EndGlobalSection
	GlobalSection(ExtensibilityGlobals) = postSolution
		SolutionGuid = {39FFB992-8D7C-400C-AE5A-D718DC9C65CB}
	EndGlobalSection
EndGlobal
